
Microsoft Visual Studio Solution File, Format Version 11.00
# Visual Studio 2010
Project("{FAE04EC0-301F-11D3-BF4B-00C04F79EFBC}") = "UPC.CursoPruebas.DL.DALC", "UPC.CursoPruebas.DL.DALC\UPC.CursoPruebas.DL.DALC.csproj", "{DC7E3981-3DAE-4019-8066-AD07AC11539A}"
EndProject
Project("{FAE04EC0-301F-11D3-BF4B-00C04F79EFBC}") = "UPC.CursoPruebas.BL.BE", "UPC.CursoPruebas.BL.BE\UPC.CursoPruebas.BL.BE.csproj", "{B8DAB97B-143E-40B4-B18B-4D3D98AF39EA}"
EndProject
Project("{FAE04EC0-301F-11D3-BF4B-00C04F79EFBC}") = "UPC.CursoPruebas.PL.UI.AppConsole", "UPC.CursoPruebas.PL.UI.AppConsole\UPC.CursoPruebas.PL.UI.AppConsole.csproj", "{C3A730E7-5239-49DB-A863-B44A81929448}"
EndProject
Project("{FAE04EC0-301F-11D3-BF4B-00C04F79EFBC}") = "CursoPruebas", "CursoPruebas\CursoPruebas.csproj", "{59DC5971-CB71-4F2A-A485-521090587A38}"
EndProject
Project("{2150E333-8FDC-42A3-9474-1A3956D46DE8}") = "Solution Items", "Solution Items", "{8F4E2249-DC16-404D-9E9B-64CB8F926A53}"
	ProjectSection(SolutionItems) = preProject
		CursoPruebas.vsmdi = CursoPruebas.vsmdi
		Local.testsettings = Local.testsettings
		TraceAndTestImpact.testsettings = TraceAndTestImpact.testsettings
	EndProjectSection
EndProject
Project("{FAE04EC0-301F-11D3-BF4B-00C04F79EFBC}") = "UPC.CursoPruebas.TL.Test", "UPC.CursoPruebas.TL.Test\UPC.CursoPruebas.TL.Test.csproj", "{7B21B868-0420-4B03-9393-84AA579E4E8A}"
	ProjectSection(ProjectDependencies) = postProject
		{59DC5971-CB71-4F2A-A485-521090587A38} = {59DC5971-CB71-4F2A-A485-521090587A38}
	EndProjectSection
EndProject
Global
	GlobalSection(TestCaseManagementSettings) = postSolution
		CategoryFile = CursoPruebas.vsmdi
	EndGlobalSection
	GlobalSection(SolutionConfigurationPlatforms) = preSolution
		Debug|Any CPU = Debug|Any CPU
		Debug|Mixed Platforms = Debug|Mixed Platforms
		Debug|x86 = Debug|x86
		Release|Any CPU = Release|Any CPU
		Release|Mixed Platforms = Release|Mixed Platforms
		Release|x86 = Release|x86
	EndGlobalSection
	GlobalSection(ProjectConfigurationPlatforms) = postSolution
		{DC7E3981-3DAE-4019-8066-AD07AC11539A}.Debug|Any CPU.ActiveCfg = Debug|Any CPU
		{DC7E3981-3DAE-4019-8066-AD07AC11539A}.Debug|Any CPU.Build.0 = Debug|Any CPU
		{DC7E3981-3DAE-4019-8066-AD07AC11539A}.Debug|Mixed Platforms.ActiveCfg = Debug|Any CPU
		{DC7E3981-3DAE-4019-8066-AD07AC11539A}.Debug|Mixed Platforms.Build.0 = Debug|Any CPU
		{DC7E3981-3DAE-4019-8066-AD07AC11539A}.Debug|x86.ActiveCfg = Debug|Any CPU
		{DC7E3981-3DAE-4019-8066-AD07AC11539A}.Release|Any CPU.ActiveCfg = Release|Any CPU
		{DC7E3981-3DAE-4019-8066-AD07AC11539A}.Release|Any CPU.Build.0 = Release|Any CPU
		{DC7E3981-3DAE-4019-8066-AD07AC11539A}.Release|Mixed Platforms.ActiveCfg = Release|Any CPU
		{DC7E3981-3DAE-4019-8066-AD07AC11539A}.Release|Mixed Platforms.Build.0 = Release|Any CPU
		{DC7E3981-3DAE-4019-8066-AD07AC11539A}.Release|x86.ActiveCfg = Release|Any CPU
		{B8DAB97B-143E-40B4-B18B-4D3D98AF39EA}.Debug|Any CPU.ActiveCfg = Debug|Any CPU
		{B8DAB97B-143E-40B4-B18B-4D3D98AF39EA}.Debug|Any CPU.Build.0 = Debug|Any CPU
		{B8DAB97B-143E-40B4-B18B-4D3D98AF39EA}.Debug|Mixed Platforms.ActiveCfg = Debug|Any CPU
		{B8DAB97B-143E-40B4-B18B-4D3D98AF39EA}.Debug|Mixed Platforms.Build.0 = Debug|Any CPU
		{B8DAB97B-143E-40B4-B18B-4D3D98AF39EA}.Debug|x86.ActiveCfg = Debug|Any CPU
		{B8DAB97B-143E-40B4-B18B-4D3D98AF39EA}.Release|Any CPU.ActiveCfg = Release|Any CPU
		{B8DAB97B-143E-40B4-B18B-4D3D98AF39EA}.Release|Any CPU.Build.0 = Release|Any CPU
		{B8DAB97B-143E-40B4-B18B-4D3D98AF39EA}.Release|Mixed Platforms.ActiveCfg = Release|Any CPU
		{B8DAB97B-143E-40B4-B18B-4D3D98AF39EA}.Release|Mixed Platforms.Build.0 = Release|Any CPU
		{B8DAB97B-143E-40B4-B18B-4D3D98AF39EA}.Release|x86.ActiveCfg = Release|Any CPU
		{C3A730E7-5239-49DB-A863-B44A81929448}.Debug|Any CPU.ActiveCfg = Debug|x86
		{C3A730E7-5239-49DB-A863-B44A81929448}.Debug|Mixed Platforms.ActiveCfg = Debug|x86
		{C3A730E7-5239-49DB-A863-B44A81929448}.Debug|Mixed Platforms.Build.0 = Debug|x86
		{C3A730E7-5239-49DB-A863-B44A81929448}.Debug|x86.ActiveCfg = Debug|x86
		{C3A730E7-5239-49DB-A863-B44A81929448}.Debug|x86.Build.0 = Debug|x86
		{C3A730E7-5239-49DB-A863-B44A81929448}.Release|Any CPU.ActiveCfg = Release|x86
		{C3A730E7-5239-49DB-A863-B44A81929448}.Release|Mixed Platforms.ActiveCfg = Release|x86
		{C3A730E7-5239-49DB-A863-B44A81929448}.Release|Mixed Platforms.Build.0 = Release|x86
		{C3A730E7-5239-49DB-A863-B44A81929448}.Release|x86.ActiveCfg = Release|x86
		{C3A730E7-5239-49DB-A863-B44A81929448}.Release|x86.Build.0 = Release|x86
		{59DC5971-CB71-4F2A-A485-521090587A38}.Debug|Any CPU.ActiveCfg = Debug|Any CPU
		{59DC5971-CB71-4F2A-A485-521090587A38}.Debug|Any CPU.Build.0 = Debug|Any CPU
		{59DC5971-CB71-4F2A-A485-521090587A38}.Debug|Mixed Platforms.ActiveCfg = Debug|Any CPU
		{59DC5971-CB71-4F2A-A485-521090587A38}.Debug|Mixed Platforms.Build.0 = Debug|Any CPU
		{59DC5971-CB71-4F2A-A485-521090587A38}.Debug|x86.ActiveCfg = Debug|Any CPU
		{59DC5971-CB71-4F2A-A485-521090587A38}.Release|Any CPU.ActiveCfg = Release|Any CPU
		{59DC5971-CB71-4F2A-A485-521090587A38}.Release|Any CPU.Build.0 = Release|Any CPU
		{59DC5971-CB71-4F2A-A485-521090587A38}.Release|Mixed Platforms.ActiveCfg = Release|Any CPU
		{59DC5971-CB71-4F2A-A485-521090587A38}.Release|Mixed Platforms.Build.0 = Release|Any CPU
		{59DC5971-CB71-4F2A-A485-521090587A38}.Release|x86.ActiveCfg = Release|Any CPU
		{7B21B868-0420-4B03-9393-84AA579E4E8A}.Debug|Any CPU.ActiveCfg = Debug|x86
		{7B21B868-0420-4B03-9393-84AA579E4E8A}.Debug|Mixed Platforms.ActiveCfg = Debug|x86
		{7B21B868-0420-4B03-9393-84AA579E4E8A}.Debug|Mixed Platforms.Build.0 = Debug|x86
		{7B21B868-0420-4B03-9393-84AA579E4E8A}.Debug|x86.ActiveCfg = Debug|x86
		{7B21B868-0420-4B03-9393-84AA579E4E8A}.Debug|x86.Build.0 = Debug|x86
		{7B21B868-0420-4B03-9393-84AA579E4E8A}.Release|Any CPU.ActiveCfg = Release|x86
		{7B21B868-0420-4B03-9393-84AA579E4E8A}.Release|Mixed Platforms.ActiveCfg = Release|x86
		{7B21B868-0420-4B03-9393-84AA579E4E8A}.Release|Mixed Platforms.Build.0 = Release|x86
		{7B21B868-0420-4B03-9393-84AA579E4E8A}.Release|x86.ActiveCfg = Release|x86
		{7B21B868-0420-4B03-9393-84AA579E4E8A}.Release|x86.Build.0 = Release|x86
	EndGlobalSection
	GlobalSection(SolutionProperties) = preSolution
		HideSolutionNode = FALSE
	EndGlobalSection
EndGlobal
